// !$*UTF8*$!
{
	archiveVersion = 1;
	classes = {
	};
	objectVersion = 46;
	objects = {

/* Begin PBXBuildFile section */
		7073FBDF1568C63200C0FAD9 /* UIKit.framework in Frameworks */ = {isa = PBXBuildFile; fileRef = 7073FBDE1568C63200C0FAD9 /* UIKit.framework */; };
		7073FBE11568C63200C0FAD9 /* Foundation.framework in Frameworks */ = {isa = PBXBuildFile; fileRef = 7073FBE01568C63200C0FAD9 /* Foundation.framework */; };
		7073FBE31568C63200C0FAD9 /* CoreGraphics.framework in Frameworks */ = {isa = PBXBuildFile; fileRef = 7073FBE21568C63200C0FAD9 /* CoreGraphics.framework */; };
		7073FBE91568C63200C0FAD9 /* InfoPlist.strings in Resources */ = {isa = PBXBuildFile; fileRef = 7073FBE71568C63200C0FAD9 /* InfoPlist.strings */; };
		7073FBEB1568C63200C0FAD9 /* main.m in Sources */ = {isa = PBXBuildFile; fileRef = 7073FBEA1568C63200C0FAD9 /* main.m */; };
		7073FBEF1568C63200C0FAD9 /* AppDelegate.m in Sources */ = {isa = PBXBuildFile; fileRef = 7073FBEE1568C63200C0FAD9 /* AppDelegate.m */; };
		7073FBF21568C63200C0FAD9 /* MainStoryboard.storyboard in Resources */ = {isa = PBXBuildFile; fileRef = 7073FBF01568C63200C0FAD9 /* MainStoryboard.storyboard */; };
		7073FBF51568C63300C0FAD9 /* ViewController.m in Sources */ = {isa = PBXBuildFile; fileRef = 7073FBF41568C63300C0FAD9 /* ViewController.m */; };
		7073FC001568C6DF00C0FAD9 /* Default.png in Resources */ = {isa = PBXBuildFile; fileRef = 7073FBFC1568C6DF00C0FAD9 /* Default.png */; };
		7073FC011568C6DF00C0FAD9 /* Default@2x.png in Resources */ = {isa = PBXBuildFile; fileRef = 7073FBFD1568C6DF00C0FAD9 /* Default@2x.png */; };
		7073FC021568C6DF00C0FAD9 /* Target-Smashed.png in Resources */ = {isa = PBXBuildFile; fileRef = 7073FBFE1568C6DF00C0FAD9 /* Target-Smashed.png */; };
		7073FC031568C6DF00C0FAD9 /* Target.png in Resources */ = {isa = PBXBuildFile; fileRef = 7073FBFF1568C6DF00C0FAD9 /* Target.png */; };
		7073FC061568C6EA00C0FAD9 /* Icon.png in Resources */ = {isa = PBXBuildFile; fileRef = 7073FC041568C6EA00C0FAD9 /* Icon.png */; };
		7073FC071568C6EA00C0FAD9 /* Icon@2x.png in Resources */ = {isa = PBXBuildFile; fileRef = 7073FC051568C6EA00C0FAD9 /* Icon@2x.png */; };
		7073FC0A1568D37F00C0FAD9 /* Smash.aif in Resources */ = {isa = PBXBuildFile; fileRef = 7073FC091568D37F00C0FAD9 /* Smash.aif */; };
		7073FC0C1568D3C100C0FAD9 /* AudioToolbox.framework in Frameworks */ = {isa = PBXBuildFile; fileRef = 7073FC0B1568D3C100C0FAD9 /* AudioToolbox.framework */; };
		7073FC0E1568EA5F00C0FAD9 /* Target-Failed.png in Resources */ = {isa = PBXBuildFile; fileRef = 7073FC0D1568EA5F00C0FAD9 /* Target-Failed.png */; };
		7073FC11156910F600C0FAD9 /* Fail.aif in Resources */ = {isa = PBXBuildFile; fileRef = 7073FC10156910ED00C0FAD9 /* Fail.aif */; };
/* End PBXBuildFile section */

/* Begin PBXFileReference section */
		7073FBDA1568C63200C0FAD9 /* Smash.app */ = {isa = PBXFileReference; explicitFileType = wrapper.application; includeInIndex = 0; path = Smash.app; sourceTree = BUILT_PRODUCTS_DIR; };
		7073FBDE1568C63200C0FAD9 /* UIKit.framework */ = {isa = PBXFileReference; lastKnownFileType = wrapper.framework; name = UIKit.framework; path = System/Library/Frameworks/UIKit.framework; sourceTree = SDKROOT; };
		7073FBE01568C63200C0FAD9 /* Foundation.framework */ = {isa = PBXFileReference; lastKnownFileType = wrapper.framework; name = Foundation.framework; path = System/Library/Frameworks/Foundation.framework; sourceTree = SDKROOT; };
		7073FBE21568C63200C0FAD9 /* CoreGraphics.framework */ = {isa = PBXFileReference; lastKnownFileType = wrapper.framework; name = CoreGraphics.framework; path = System/Library/Frameworks/CoreGraphics.framework; sourceTree = SDKROOT; };
		7073FBE61568C63200C0FAD9 /* Smash-Info.plist */ = {isa = PBXFileReference; lastKnownFileType = text.plist.xml; path = "Smash-Info.plist"; sourceTree = "<group>"; };
		7073FBE81568C63200C0FAD9 /* en */ = {isa = PBXFileReference; lastKnownFileType = text.plist.strings; name = en; path = en.lproj/InfoPlist.strings; sourceTree = "<group>"; };
		7073FBEA1568C63200C0FAD9 /* main.m */ = {isa = PBXFileReference; lastKnownFileType = sourcecode.c.objc; path = main.m; sourceTree = "<group>"; };
		7073FBEC1568C63200C0FAD9 /* Smash-Prefix.pch */ = {isa = PBXFileReference; lastKnownFileType = sourcecode.c.h; path = "Smash-Prefix.pch"; sourceTree = "<group>"; };
		7073FBED1568C63200C0FAD9 /* AppDelegate.h */ = {isa = PBXFileReference; lastKnownFileType = sourcecode.c.h; path = AppDelegate.h; sourceTree = "<group>"; };
		7073FBEE1568C63200C0FAD9 /* AppDelegate.m */ = {isa = PBXFileReference; lastKnownFileType = sourcecode.c.objc; path = AppDelegate.m; sourceTree = "<group>"; };
		7073FBF11568C63200C0FAD9 /* en */ = {isa = PBXFileReference; lastKnownFileType = file.storyboard; name = en; path = en.lproj/MainStoryboard.storyboard; sourceTree = "<group>"; };
		7073FBF31568C63200C0FAD9 /* ViewController.h */ = {isa = PBXFileReference; lastKnownFileType = sourcecode.c.h; path = ViewController.h; sourceTree = "<group>"; };
		7073FBF41568C63300C0FAD9 /* ViewController.m */ = {isa = PBXFileReference; lastKnownFileType = sourcecode.c.objc; path = ViewController.m; sourceTree = "<group>"; };
		7073FBFC1568C6DF00C0FAD9 /* Default.png */ = {isa = PBXFileReference; lastKnownFileType = image.png; path = Default.png; sourceTree = "<group>"; };
		7073FBFD1568C6DF00C0FAD9 /* Default@2x.png */ = {isa = PBXFileReference; lastKnownFileType = image.png; path = "Default@2x.png"; sourceTree = "<group>"; };
		7073FBFE1568C6DF00C0FAD9 /* Target-Smashed.png */ = {isa = PBXFileReference; lastKnownFileType = image.png; path = "Target-Smashed.png"; sourceTree = "<group>"; };
		7073FBFF1568C6DF00C0FAD9 /* Target.png */ = {isa = PBXFileReference; lastKnownFileType = image.png; path = Target.png; sourceTree = "<group>"; };
		7073FC041568C6EA00C0FAD9 /* Icon.png */ = {isa = PBXFileReference; lastKnownFileType = image.png; path = Icon.png; sourceTree = "<group>"; };
		7073FC051568C6EA00C0FAD9 /* Icon@2x.png */ = {isa = PBXFileReference; lastKnownFileType = image.png; path = "Icon@2x.png"; sourceTree = "<group>"; };
		7073FC091568D37F00C0FAD9 /* Smash.aif */ = {isa = PBXFileReference; lastKnownFileType = file; path = Smash.aif; sourceTree = "<group>"; };
		7073FC0B1568D3C100C0FAD9 /* AudioToolbox.framework */ = {isa = PBXFileReference; lastKnownFileType = wrapper.framework; name = AudioToolbox.framework; path = System/Library/Frameworks/AudioToolbox.framework; sourceTree = SDKROOT; };
		7073FC0D1568EA5F00C0FAD9 /* Target-Failed.png */ = {isa = PBXFileReference; lastKnownFileType = image.png; path = "Target-Failed.png"; sourceTree = "<group>"; };
		7073FC10156910ED00C0FAD9 /* Fail.aif */ = {isa = PBXFileReference; lastKnownFileType = file; path = Fail.aif; sourceTree = "<group>"; };
/* End PBXFileReference section */

/* Begin PBXFrameworksBuildPhase section */
		7073FBD71568C63200C0FAD9 /* Frameworks */ = {
			isa = PBXFrameworksBuildPhase;
			buildActionMask = 2147483647;
			files = (
				7073FC0C1568D3C100C0FAD9 /* AudioToolbox.framework in Frameworks */,
				7073FBDF1568C63200C0FAD9 /* UIKit.framework in Frameworks */,
				7073FBE11568C63200C0FAD9 /* Foundation.framework in Frameworks */,
				7073FBE31568C63200C0FAD9 /* CoreGraphics.framework in Frameworks */,
			);
			runOnlyForDeploymentPostprocessing = 0;
		};
/* End PBXFrameworksBuildPhase section */

/* Begin PBXGroup section */
		7073FBCF1568C63200C0FAD9 = {
			isa = PBXGroup;
			children = (
				7073FC041568C6EA00C0FAD9 /* Icon.png */,
				7073FC051568C6EA00C0FAD9 /* Icon@2x.png */,
				7073FBE41568C63200C0FAD9 /* Smash */,
				7073FBDD1568C63200C0FAD9 /* Frameworks */,
				7073FBDB1568C63200C0FAD9 /* Products */,
			);
			sourceTree = "<group>";
		};
		7073FBDB1568C63200C0FAD9 /* Products */ = {
			isa = PBXGroup;
			children = (
				7073FBDA1568C63200C0FAD9 /* Smash.app */,
			);
			name = Products;
			sourceTree = "<group>";
		};
		7073FBDD1568C63200C0FAD9 /* Frameworks */ = {
			isa = PBXGroup;
			children = (
				7073FC0B1568D3C100C0FAD9 /* AudioToolbox.framework */,
				7073FBDE1568C63200C0FAD9 /* UIKit.framework */,
				7073FBE01568C63200C0FAD9 /* Foundation.framework */,
				7073FBE21568C63200C0FAD9 /* CoreGraphics.framework */,
			);
			name = Frameworks;
			sourceTree = "<group>";
		};
		7073FBE41568C63200C0FAD9 /* Smash */ = {
			isa = PBXGroup;
			children = (
				7073FC081568D37E00C0FAD9 /* Sounds */,
				7073FBFB1568C6DF00C0FAD9 /* images */,
				7073FBED1568C63200C0FAD9 /* AppDelegate.h */,
				7073FBEE1568C63200C0FAD9 /* AppDelegate.m */,
				7073FBF01568C63200C0FAD9 /* MainStoryboard.storyboard */,
				7073FBF31568C63200C0FAD9 /* ViewController.h */,
				7073FBF41568C63300C0FAD9 /* ViewController.m */,
				7073FBE51568C63200C0FAD9 /* Supporting Files */,
			);
			path = Smash;
			sourceTree = "<group>";
		};
		7073FBE51568C63200C0FAD9 /* Supporting Files */ = {
			isa = PBXGroup;
			children = (
				7073FBE61568C63200C0FAD9 /* Smash-Info.plist */,
				7073FBE71568C63200C0FAD9 /* InfoPlist.strings */,
				7073FBEA1568C63200C0FAD9 /* main.m */,
				7073FBEC1568C63200C0FAD9 /* Smash-Prefix.pch */,
			);
			name = "Supporting Files";
			sourceTree = "<group>";
		};
		7073FBFB1568C6DF00C0FAD9 /* images */ = {
			isa = PBXGroup;
			children = (
				7073FC0D1568EA5F00C0FAD9 /* Target-Failed.png */,
				7073FBFC1568C6DF00C0FAD9 /* Default.png */,
				7073FBFD1568C6DF00C0FAD9 /* Default@2x.png */,
				7073FBFE1568C6DF00C0FAD9 /* Target-Smashed.png */,
				7073FBFF1568C6DF00C0FAD9 /* Target.png */,
			);
			path = images;
			sourceTree = "<group>";
		};
		7073FC081568D37E00C0FAD9 /* Sounds */ = {
			isa = PBXGroup;
			children = (
				7073FC10156910ED00C0FAD9 /* Fail.aif */,
				7073FC091568D37F00C0FAD9 /* Smash.aif */,
			);
			path = Sounds;
			sourceTree = "<group>";
		};
/* End PBXGroup section */

/* Begin PBXNativeTarget section */
		7073FBD91568C63200C0FAD9 /* Smash */ = {
			isa = PBXNativeTarget;
			buildConfigurationList = 7073FBF81568C63300C0FAD9 /* Build configuration list for PBXNativeTarget "Smash" */;
			buildPhases = (
				7073FBD61568C63200C0FAD9 /* Sources */,
				7073FBD71568C63200C0FAD9 /* Frameworks */,
				7073FBD81568C63200C0FAD9 /* Resources */,
			);
			buildRules = (
			);
			dependencies = (
			);
			name = Smash;
			productName = Smash;
			productReference = 7073FBDA1568C63200C0FAD9 /* Smash.app */;
			productType = "com.apple.product-type.application";
		};
/* End PBXNativeTarget section */

/* Begin PBXProject section */
		7073FBD11568C63200C0FAD9 /* Project object */ = {
			isa = PBXProject;
			attributes = {
				LastUpgradeCheck = 0430;
				ORGANIZATIONNAME = Private;
			};
			buildConfigurationList = 7073FBD41568C63200C0FAD9 /* Build configuration list for PBXProject "Smash" */;
			compatibilityVersion = "Xcode 3.2";
			developmentRegion = English;
			hasScannedForEncodings = 0;
			knownRegions = (
				en,
			);
			mainGroup = 7073FBCF1568C63200C0FAD9;
			productRefGroup = 7073FBDB1568C63200C0FAD9 /* Products */;
			projectDirPath = "";
			projectRoot = "";
			targets = (
				7073FBD91568C63200C0FAD9 /* Smash */,
			);
		};
/* End PBXProject section */

/* Begin PBXResourcesBuildPhase section */
		7073FBD81568C63200C0FAD9 /* Resources */ = {
			isa = PBXResourcesBuildPhase;
			buildActionMask = 2147483647;
			files = (
				7073FBE91568C63200C0FAD9 /* InfoPlist.strings in Resources */,
				7073FBF21568C63200C0FAD9 /* MainStoryboard.storyboard in Resources */,
				7073FC001568C6DF00C0FAD9 /* Default.png in Resources */,
				7073FC011568C6DF00C0FAD9 /* Default@2x.png in Resources */,
				7073FC021568C6DF00C0FAD9 /* Target-Smashed.png in Resources */,
				7073FC031568C6DF00C0FAD9 /* Target.png in Resources */,
				7073FC061568C6EA00C0FAD9 /* Icon.png in Resources */,
				7073FC071568C6EA00C0FAD9 /* Icon@2x.png in Resources */,
				7073FC0A1568D37F00C0FAD9 /* Smash.aif in Resources */,
				7073FC0E1568EA5F00C0FAD9 /* Target-Failed.png in Resources */,
				7073FC11156910F600C0FAD9 /* Fail.aif in Resources */,
			);
			runOnlyForDeploymentPostprocessing = 0;
		};
/* End PBXResourcesBuildPhase section */

/* Begin PBXSourcesBuildPhase section */
		7073FBD61568C63200C0FAD9 /* Sources */ = {
			isa = PBXSourcesBuildPhase;
			buildActionMask = 2147483647;
			files = (
				7073FBEB1568C63200C0FAD9 /* main.m in Sources */,
				7073FBEF1568C63200C0FAD9 /* AppDelegate.m in Sources */,
				7073FBF51568C63300C0FAD9 /* ViewController.m in Sources */,
			);
			runOnlyForDeploymentPostprocessing = 0;
		};
/* End PBXSourcesBuildPhase section */

/* Begin PBXVariantGroup section */
		7073FBE71568C63200C0FAD9 /* InfoPlist.strings */ = {
			isa = PBXVariantGroup;
			children = (
				7073FBE81568C63200C0FAD9 /* en */,
			);
			name = InfoPlist.strings;
			sourceTree = "<group>";
		};
		7073FBF01568C63200C0FAD9 /* MainStoryboard.storyboard */ = {
			isa = PBXVariantGroup;
			children = (
				7073FBF11568C63200C0FAD9 /* en */,
			);
			name = MainStoryboard.storyboard;
			sourceTree = "<group>";
		};
/* End PBXVariantGroup section */

/* Begin XCBuildConfiguration section */
		7073FBF61568C63300C0FAD9 /* Debug */ = {
			isa = XCBuildConfiguration;
			buildSettings = {
				ALWAYS_SEARCH_USER_PATHS = NO;
				ARCHS = "$(ARCHS_STANDARD_32_BIT)";
				CLANG_ENABLE_OBJC_ARC = YES;
				"CODE_SIGN_IDENTITY[sdk=iphoneos*]" = "iPhone Developer";
				COPY_PHASE_STRIP = NO;
				GCC_C_LANGUAGE_STANDARD = gnu99;
				GCC_DYNAMIC_NO_PIC = NO;
				GCC_OPTIMIZATION_LEVEL = 0;
				GCC_PREPROCESSOR_DEFINITIONS = (
					"DEBUG=1",
					"$(inherited)",
				);
				GCC_SYMBOLS_PRIVATE_EXTERN = NO;
				GCC_VERSION = com.apple.compilers.llvm.clang.1_0;
				GCC_WARN_ABOUT_RETURN_TYPE = YES;
				GCC_WARN_UNINITIALIZED_AUTOS = YES;
				GCC_WARN_UNUSED_VARIABLE = YES;
				IPHONEOS_DEPLOYMENT_TARGET = 5.1;
				SDKROOT = iphoneos;
			};
			name = Debug;
		};
		7073FBF71568C63300C0FAD9 /* Release */ = {
			isa = XCBuildConfiguration;
			buildSettings = {
				ALWAYS_SEARCH_USER_PATHS = NO;
				ARCHS = "$(ARCHS_STANDARD_32_BIT)";
				CLANG_ENABLE_OBJC_ARC = YES;
				"CODE_SIGN_IDENTITY[sdk=iphoneos*]" = "iPhone Developer";
				COPY_PHASE_STRIP = YES;
				GCC_C_LANGUAGE_STANDARD = gnu99;
				GCC_VERSION = com.apple.compilers.llvm.clang.1_0;
				GCC_WARN_ABOUT_RETURN_TYPE = YES;
				GCC_WARN_UNINITIALIZED_AUTOS = YES;
				GCC_WARN_UNUSED_VARIABLE = YES;
				IPHONEOS_DEPLOYMENT_TARGET = 5.1;
				OTHER_CFLAGS = "-DNS_BLOCK_ASSERTIONS=1";
				SDKROOT = iphoneos;
				VALIDATE_PRODUCT = YES;
			};
			name = Release;
		};
		7073FBF91568C63300C0FAD9 /* Debug */ = {
			isa = XCBuildConfiguration;
			buildSettings = {
				GCC_PRECOMPILE_PREFIX_HEADER = YES;
				GCC_PREFIX_HEADER = "Smash/Smash-Prefix.pch";
				INFOPLIST_FILE = "Smash/Smash-Info.plist";
				PRODUCT_NAME = "$(TARGET_NAME)";
				WRAPPER_EXTENSION = app;
			};
			name = Debug;
		};
		7073FBFA1568C63300C0FAD9 /* Release */ = {
			isa = XCBuildConfiguration;
			buildSettings = {
				GCC_PRECOMPILE_PREFIX_HEADER = YES;
				GCC_PREFIX_HEADER = "Smash/Smash-Prefix.pch";
				INFOPLIST_FILE = "Smash/Smash-Info.plist";
				PRODUCT_NAME = "$(TARGET_NAME)";
				WRAPPER_EXTENSION = app;
			};
			name = Release;
		};
/* End XCBuildConfiguration section */

/* Begin XCConfigurationList section */
		7073FBD41568C63200C0FAD9 /* Build configuration list for PBXProject "Smash" */ = {
			isa = XCConfigurationList;
			buildConfigurations = (
				7073FBF61568C63300C0FAD9 /* Debug */,
				7073FBF71568C63300C0FAD9 /* Release */,
			);
			defaultConfigurationIsVisible = 0;
			defaultConfigurationName = Release;
		};
		7073FBF81568C63300C0FAD9 /* Build configuration list for PBXNativeTarget "Smash" */ = {
			isa = XCConfigurationList;
			buildConfigurations = (
				7073FBF91568C63300C0FAD9 /* Debug */,
				7073FBFA1568C63300C0FAD9 /* Release */,
			);
			defaultConfigurationIsVisible = 0;
		};
/* End XCConfigurationList section */
	};
	rootObject = 7073FBD11568C63200C0FAD9 /* Project object */;
}
